{
  "name": "NN_park_ver2.1",
  "version": "1.0.0",
  "lockfileVersion": 1,
  "requires": true,
  "dependencies": {
    "angular": {
      "version": "1.7.9",
      "resolved": "https://registry.npmjs.org/angular/-/angular-1.7.9.tgz",
      "integrity": "sha512-5se7ZpcOtu0MBFlzGv5dsM1quQDoDeUTwZrWjGtTNA7O88cD8TEk5IEKCTDa3uECV9XnvKREVUr7du1ACiWGFQ=="
    },
    "angular-material": {
      "version": "1.1.21",
      "resolved": "https://registry.npmjs.org/angular-material/-/angular-material-1.1.21.tgz",
      "integrity": "sha512-BiqvEu82dqQ4Sb4OjJHdVp/YJvFEMrtr7K2eS+6qlWPWUiF9K2K6IkX2H3p0wD7QlscjTz8n9W8uKL46PQjlCQ=="
    },
    "ng": {
      "version": "0.0.0",
      "resolved": "https://registry.npmjs.org/ng/-/ng-0.0.0.tgz",
      "integrity": "sha1-GrkaQmmdX8yNO2dABgJ/0wBuxVE="
    }
  }
}
